{
  "name": "demo-app",
  "version": "1.0.0",
  "lockfileVersion": 2,
  "requires": true,
  "packages": {
    "": {
      "name": "demo-app",
      "version": "1.0.0",
      "license": "MIT",
      "dependencies": {
        "@m13t/component-library": "^0.4.0"
      },
      "devDependencies": {
        "typescript": "^4.5.5"
      }
    },
    "node_modules/@m13t/component-library": {
      "version": "0.4.1",
      "resolved": "https://registry.npmjs.org/@m13t/component-library/-/component-library-0.4.1.tgz",
      "integrity": "sha512-VDOGAnMnlJ4e1wOcrBBDqx2TFB5gJ8h2pkuoAAKHMlhCUX7kX0OsjqpMmzknFsSMIp9CoRL69riqiVUBVSqcew==",
      "dependencies": {
        "@stencil/angular-output-target": "^0.6.0",
        "@stencil/core": "^2.14.2",
        "@stencil/react-output-target": "^0.5.0",
        "@types/node": "^20.2.1"
      }
    },
    "node_modules/@stencil/angular-output-target": {
      "version": "0.6.0",
      "resolved": "https://registry.npmjs.org/@stencil/angular-output-target/-/angular-output-target-0.6.0.tgz",
      "integrity": "sha512-FqHeRSb125joYzT/jHg3uOz5vKNAg7m3ffI/XXoy2ENC2K9X6NgJp8zuYcqW/o9SlQ8CWuoAv5AiF+tayzDTFA==",
      "peerDependencies": {
        "@stencil/core": "^2.9.0 || ^3.0.0"
      }
    },
    "node_modules/@stencil/core": {
      "version": "2.22.3",
      "resolved": "https://registry.npmjs.org/@stencil/core/-/core-2.22.3.tgz",
      "integrity": "sha512-kmVA0M/HojwsfkeHsifvHVIYe4l5tin7J5+DLgtl8h6WWfiMClND5K3ifCXXI2ETDNKiEk21p6jql3Fx9o2rng==",
      "bin": {
        "stencil": "bin/stencil"
      },
      "engines": {
        "node": ">=12.10.0",
        "npm": ">=6.0.0"
      }
    },
    "node_modules/@stencil/react-output-target": {
      "version": "0.5.0",
      "resolved": "https://registry.npmjs.org/@stencil/react-output-target/-/react-output-target-0.5.0.tgz",
      "integrity": "sha512-m2UwgrFuVXzi1h4m6I+EWDGeZV4n1wPHkzbRCS9QaqysiQEN5VIi9zjLzvPQF7O9Gg3E/W28z0yElp0kY3VuFQ==",
      "peerDependencies": {
        "@stencil/core": "^2.9.0 || ^3.0.0"
      }
    },
    "node_modules/@types/node": {
      "version": "20.2.1",
      "resolved": "https://registry.npmjs.org/@types/node/-/node-20.2.1.tgz",
      "integrity": "sha512-DqJociPbZP1lbZ5SQPk4oag6W7AyaGMO6gSfRwq3PWl4PXTwJpRQJhDq4W0kzrg3w6tJ1SwlvGZ5uKFHY13LIg=="
    },
    "node_modules/typescript": {
      "version": "4.9.5",
      "resolved": "https://registry.npmjs.org/typescript/-/typescript-4.9.5.tgz",
      "integrity": "sha512-1FXk9E2Hm+QzZQ7z+McJiHL4NW1F2EzMu9Nq9i3zAaGqibafqYwCVU6WyWAuyQRRzOlxou8xZSyXLEN8oKj24g==",
      "dev": true,
      "bin": {
        "tsc": "bin/tsc",
        "tsserver": "bin/tsserver"
      },
      "engines": {
        "node": ">=4.2.0"
      }
    }
  },
  "dependencies": {
    "@m13t/component-library": {
      "version": "0.4.1",
      "resolved": "https://registry.npmjs.org/@m13t/component-library/-/component-library-0.4.1.tgz",
      "integrity": "sha512-VDOGAnMnlJ4e1wOcrBBDqx2TFB5gJ8h2pkuoAAKHMlhCUX7kX0OsjqpMmzknFsSMIp9CoRL69riqiVUBVSqcew==",
      "requires": {
        "@stencil/angular-output-target": "^0.6.0",
        "@stencil/core": "^2.14.2",
        "@stencil/react-output-target": "^0.5.0",
        "@types/node": "^20.2.1"
      }
    },
    "@stencil/angular-output-target": {
      "version": "0.6.0",
      "resolved": "https://registry.npmjs.org/@stencil/angular-output-target/-/angular-output-target-0.6.0.tgz",
      "integrity": "sha512-FqHeRSb125joYzT/jHg3uOz5vKNAg7m3ffI/XXoy2ENC2K9X6NgJp8zuYcqW/o9SlQ8CWuoAv5AiF+tayzDTFA==",
      "requires": {}
    },
    "@stencil/core": {
      "version": "2.22.3",
      "resolved": "https://registry.npmjs.org/@stencil/core/-/core-2.22.3.tgz",
      "integrity": "sha512-kmVA0M/HojwsfkeHsifvHVIYe4l5tin7J5+DLgtl8h6WWfiMClND5K3ifCXXI2ETDNKiEk21p6jql3Fx9o2rng=="
    },
    "@stencil/react-output-target": {
      "version": "0.5.0",
      "resolved": "https://registry.npmjs.org/@stencil/react-output-target/-/react-output-target-0.5.0.tgz",
      "integrity": "sha512-m2UwgrFuVXzi1h4m6I+EWDGeZV4n1wPHkzbRCS9QaqysiQEN5VIi9zjLzvPQF7O9Gg3E/W28z0yElp0kY3VuFQ==",
      "requires": {}
    },
    "@types/node": {
      "version": "20.2.1",
      "resolved": "https://registry.npmjs.org/@types/node/-/node-20.2.1.tgz",
      "integrity": "sha512-DqJociPbZP1lbZ5SQPk4oag6W7AyaGMO6gSfRwq3PWl4PXTwJpRQJhDq4W0kzrg3w6tJ1SwlvGZ5uKFHY13LIg=="
    },
    "typescript": {
      "version": "4.9.5",
      "resolved": "https://registry.npmjs.org/typescript/-/typescript-4.9.5.tgz",
      "integrity": "sha512-1FXk9E2Hm+QzZQ7z+McJiHL4NW1F2EzMu9Nq9i3zAaGqibafqYwCVU6WyWAuyQRRzOlxou8xZSyXLEN8oKj24g==",
      "dev": true
    }
  }
}
