{
  "name": "demo-app",
  "version": "1.0.0",
  "lockfileVersion": 2,
  "requires": true,
  "packages": {
    "": {
      "name": "demo-app",
      "version": "1.0.0",
      "license": "MIT",
      "dependencies": {
        "@m13t/component-library": "^0.7.0"
      },
      "devDependencies": {
        "typescript": "^5.0.0"
      }
    },
    "node_modules/@m13t/component-library": {
      "version": "0.7.0",
      "resolved": "https://registry.npmjs.org/@m13t/component-library/-/component-library-0.7.0.tgz",
      "integrity": "sha512-wF4wfZTn418zxSvakEj8ZksoPdF+scgq3eezGmV0SOlhlP0cTLwjSc7dF2bjiGkkPgEuSqXnVhzJ2Op1dY2qYw==",
      "dependencies": {
        "@stencil/angular-output-target": "^0.8.0",
        "@stencil/core": "^4.0.0",
        "@stencil/react-output-target": "^0.5.0",
        "@types/node": "^20.2.1"
      }
    },
    "node_modules/@m13t/component-library/node_modules/@stencil/core": {
      "version": "4.0.4",
      "resolved": "https://registry.npmjs.org/@stencil/core/-/core-4.0.4.tgz",
      "integrity": "sha512-eE0BcjEH8JjS0XlgWGiQ0c3uxtJdLvnYRv8rK/WokhGdxht31UMhEM8r+pVHbLPD/y6cSApUfxTl1JVcFFs+Xw==",
      "bin": {
        "stencil": "bin/stencil"
      },
      "engines": {
        "node": ">=16.0.0",
        "npm": ">=7.10.0"
      }
    },
    "node_modules/@stencil/angular-output-target": {
      "version": "0.8.0",
      "resolved": "https://registry.npmjs.org/@stencil/angular-output-target/-/angular-output-target-0.8.0.tgz",
      "integrity": "sha512-d8LXkJR8OybEZrwlZY0vxCqlvZxCLkt2VZnvc3nueTV7Gc1oMN2kk2NxW1X72Vd+gck7cKPeZeXfzdr5YaUpcw==",
      "peerDependencies": {
        "@stencil/core": ">=2.0.0 || >=3 || >= 4.0.0-beta.0 || >= 4.0.0"
      }
    },
    "node_modules/@stencil/core": {
      "version": "3.2.2",
      "resolved": "https://registry.npmjs.org/@stencil/core/-/core-3.2.2.tgz",
      "integrity": "sha512-wXb9cVWL0T3cTwYLveekdTFCRGx6+9hpVDEXna+N8K8OPoW6xtFAHRLv+LjOM7k59PkA8MG3IinAfV7Y+xa0Hw==",
      "peer": true,
      "bin": {
        "stencil": "bin/stencil"
      },
      "engines": {
        "node": ">=14.10.0",
        "npm": ">=6.0.0"
      }
    },
    "node_modules/@stencil/react-output-target": {
      "version": "0.5.0",
      "resolved": "https://registry.npmjs.org/@stencil/react-output-target/-/react-output-target-0.5.0.tgz",
      "integrity": "sha512-m2UwgrFuVXzi1h4m6I+EWDGeZV4n1wPHkzbRCS9QaqysiQEN5VIi9zjLzvPQF7O9Gg3E/W28z0yElp0kY3VuFQ==",
      "peerDependencies": {
        "@stencil/core": "^2.9.0 || ^3.0.0"
      }
    },
    "node_modules/@types/node": {
      "version": "20.2.1",
      "resolved": "https://registry.npmjs.org/@types/node/-/node-20.2.1.tgz",
      "integrity": "sha512-DqJociPbZP1lbZ5SQPk4oag6W7AyaGMO6gSfRwq3PWl4PXTwJpRQJhDq4W0kzrg3w6tJ1SwlvGZ5uKFHY13LIg=="
    },
    "node_modules/typescript": {
      "version": "5.1.6",
      "resolved": "https://registry.npmjs.org/typescript/-/typescript-5.1.6.tgz",
      "integrity": "sha512-zaWCozRZ6DLEWAWFrVDz1H6FVXzUSfTy5FUMWsQlU8Ym5JP9eO4xkTIROFCQvhQf61z6O/G6ugw3SgAnvvm+HA==",
      "dev": true,
      "bin": {
        "tsc": "bin/tsc",
        "tsserver": "bin/tsserver"
      },
      "engines": {
        "node": ">=14.17"
      }
    }
  },
  "dependencies": {
    "@m13t/component-library": {
      "version": "0.7.0",
      "resolved": "https://registry.npmjs.org/@m13t/component-library/-/component-library-0.7.0.tgz",
      "integrity": "sha512-wF4wfZTn418zxSvakEj8ZksoPdF+scgq3eezGmV0SOlhlP0cTLwjSc7dF2bjiGkkPgEuSqXnVhzJ2Op1dY2qYw==",
      "requires": {
        "@stencil/angular-output-target": "^0.8.0",
        "@stencil/core": "^4.0.0",
        "@stencil/react-output-target": "^0.5.0",
        "@types/node": "^20.2.1"
      },
      "dependencies": {
        "@stencil/core": {
          "version": "4.0.4",
          "resolved": "https://registry.npmjs.org/@stencil/core/-/core-4.0.4.tgz",
          "integrity": "sha512-eE0BcjEH8JjS0XlgWGiQ0c3uxtJdLvnYRv8rK/WokhGdxht31UMhEM8r+pVHbLPD/y6cSApUfxTl1JVcFFs+Xw=="
        }
      }
    },
    "@stencil/angular-output-target": {
      "version": "0.8.0",
      "resolved": "https://registry.npmjs.org/@stencil/angular-output-target/-/angular-output-target-0.8.0.tgz",
      "integrity": "sha512-d8LXkJR8OybEZrwlZY0vxCqlvZxCLkt2VZnvc3nueTV7Gc1oMN2kk2NxW1X72Vd+gck7cKPeZeXfzdr5YaUpcw==",
      "requires": {}
    },
    "@stencil/core": {
      "version": "3.2.2",
      "resolved": "https://registry.npmjs.org/@stencil/core/-/core-3.2.2.tgz",
      "integrity": "sha512-wXb9cVWL0T3cTwYLveekdTFCRGx6+9hpVDEXna+N8K8OPoW6xtFAHRLv+LjOM7k59PkA8MG3IinAfV7Y+xa0Hw==",
      "peer": true
    },
    "@stencil/react-output-target": {
      "version": "0.5.0",
      "resolved": "https://registry.npmjs.org/@stencil/react-output-target/-/react-output-target-0.5.0.tgz",
      "integrity": "sha512-m2UwgrFuVXzi1h4m6I+EWDGeZV4n1wPHkzbRCS9QaqysiQEN5VIi9zjLzvPQF7O9Gg3E/W28z0yElp0kY3VuFQ==",
      "requires": {}
    },
    "@types/node": {
      "version": "20.2.1",
      "resolved": "https://registry.npmjs.org/@types/node/-/node-20.2.1.tgz",
      "integrity": "sha512-DqJociPbZP1lbZ5SQPk4oag6W7AyaGMO6gSfRwq3PWl4PXTwJpRQJhDq4W0kzrg3w6tJ1SwlvGZ5uKFHY13LIg=="
    },
    "typescript": {
      "version": "5.1.6",
      "resolved": "https://registry.npmjs.org/typescript/-/typescript-5.1.6.tgz",
      "integrity": "sha512-zaWCozRZ6DLEWAWFrVDz1H6FVXzUSfTy5FUMWsQlU8Ym5JP9eO4xkTIROFCQvhQf61z6O/G6ugw3SgAnvvm+HA==",
      "dev": true
    }
  }
}
