{
  "name": "demo-app",
  "version": "1.0.0",
  "lockfileVersion": 2,
  "requires": true,
  "packages": {
    "": {
      "name": "demo-app",
      "version": "1.0.0",
      "license": "MIT",
      "dependencies": {
        "@m13t/component-library": "^0.2.0"
      },
      "devDependencies": {
        "typescript": "^4.5.5"
      }
    },
    "node_modules/@m13t/component-library": {
      "version": "0.2.1",
      "resolved": "https://registry.npmjs.org/@m13t/component-library/-/component-library-0.2.1.tgz",
      "integrity": "sha512-KJp5KWjM3lXBCpg5P6I4IVKWXPxPaJ1EjIYInTKqWEGDd0RDp9iv6LgCboq3Vfco34A1bhadNNv05uwObC5YDw==",
      "dependencies": {
        "@stencil/angular-output-target": "^0.4.0",
        "@stencil/core": "^2.14.2",
        "@stencil/react-output-target": "^0.3.1"
      }
    },
    "node_modules/@stencil/angular-output-target": {
      "version": "0.4.0",
      "resolved": "https://registry.npmjs.org/@stencil/angular-output-target/-/angular-output-target-0.4.0.tgz",
      "integrity": "sha512-zauaj0za46IWoPgv2IanDp3tiljwDRDNk4jB7WII6KeL66dkk7ffeqYZ0CgySTU5W2FjnKR6JEKbAnwUxjGIsA==",
      "peerDependencies": {
        "@stencil/core": "^2.9.0"
      }
    },
    "node_modules/@stencil/core": {
      "version": "2.22.3",
      "resolved": "https://registry.npmjs.org/@stencil/core/-/core-2.22.3.tgz",
      "integrity": "sha512-kmVA0M/HojwsfkeHsifvHVIYe4l5tin7J5+DLgtl8h6WWfiMClND5K3ifCXXI2ETDNKiEk21p6jql3Fx9o2rng==",
      "bin": {
        "stencil": "bin/stencil"
      },
      "engines": {
        "node": ">=12.10.0",
        "npm": ">=6.0.0"
      }
    },
    "node_modules/@stencil/react-output-target": {
      "version": "0.3.1",
      "resolved": "https://registry.npmjs.org/@stencil/react-output-target/-/react-output-target-0.3.1.tgz",
      "integrity": "sha512-6d9pPhyajFfdxkqU/pPP2SzI7wn+EklySQc4KXlI/xcdvC2H9BzLmhmR40fR1q2TQoJbJui/nvSWhbYqkE3OBQ==",
      "peerDependencies": {
        "@stencil/core": "^2.9.0"
      }
    },
    "node_modules/typescript": {
      "version": "4.9.5",
      "resolved": "https://registry.npmjs.org/typescript/-/typescript-4.9.5.tgz",
      "integrity": "sha512-1FXk9E2Hm+QzZQ7z+McJiHL4NW1F2EzMu9Nq9i3zAaGqibafqYwCVU6WyWAuyQRRzOlxou8xZSyXLEN8oKj24g==",
      "dev": true,
      "bin": {
        "tsc": "bin/tsc",
        "tsserver": "bin/tsserver"
      },
      "engines": {
        "node": ">=4.2.0"
      }
    }
  },
  "dependencies": {
    "@m13t/component-library": {
      "version": "0.2.1",
      "resolved": "https://registry.npmjs.org/@m13t/component-library/-/component-library-0.2.1.tgz",
      "integrity": "sha512-KJp5KWjM3lXBCpg5P6I4IVKWXPxPaJ1EjIYInTKqWEGDd0RDp9iv6LgCboq3Vfco34A1bhadNNv05uwObC5YDw==",
      "requires": {
        "@stencil/angular-output-target": "^0.4.0",
        "@stencil/core": "^2.14.2",
        "@stencil/react-output-target": "^0.3.1"
      }
    },
    "@stencil/angular-output-target": {
      "version": "0.4.0",
      "resolved": "https://registry.npmjs.org/@stencil/angular-output-target/-/angular-output-target-0.4.0.tgz",
      "integrity": "sha512-zauaj0za46IWoPgv2IanDp3tiljwDRDNk4jB7WII6KeL66dkk7ffeqYZ0CgySTU5W2FjnKR6JEKbAnwUxjGIsA==",
      "requires": {}
    },
    "@stencil/core": {
      "version": "2.22.3",
      "resolved": "https://registry.npmjs.org/@stencil/core/-/core-2.22.3.tgz",
      "integrity": "sha512-kmVA0M/HojwsfkeHsifvHVIYe4l5tin7J5+DLgtl8h6WWfiMClND5K3ifCXXI2ETDNKiEk21p6jql3Fx9o2rng=="
    },
    "@stencil/react-output-target": {
      "version": "0.3.1",
      "resolved": "https://registry.npmjs.org/@stencil/react-output-target/-/react-output-target-0.3.1.tgz",
      "integrity": "sha512-6d9pPhyajFfdxkqU/pPP2SzI7wn+EklySQc4KXlI/xcdvC2H9BzLmhmR40fR1q2TQoJbJui/nvSWhbYqkE3OBQ==",
      "requires": {}
    },
    "typescript": {
      "version": "4.9.5",
      "resolved": "https://registry.npmjs.org/typescript/-/typescript-4.9.5.tgz",
      "integrity": "sha512-1FXk9E2Hm+QzZQ7z+McJiHL4NW1F2EzMu9Nq9i3zAaGqibafqYwCVU6WyWAuyQRRzOlxou8xZSyXLEN8oKj24g==",
      "dev": true
    }
  }
}
